
Microsoft Visual Studio Solution File, Format Version 12.00
# Visual Studio Version 17
VisualStudioVersion = 17.4.33205.214
MinimumVisualStudioVersion = 10.0.40219.1
Project("{9A19103F-16F7-4668-BE54-9A1E7A4F7556}") = "SiteQuestaoEventHub", "SiteQuestaoEventHub.csproj", "{BCB8F95A-91C4-4880-B360-1157631327C3}"
EndProject
Global
	GlobalSection(SolutionConfigurationPlatforms) = preSolution
		Debug|Any CPU = Debug|Any CPU
		Release|Any CPU = Release|Any CPU
	EndGlobalSection
	GlobalSection(ProjectConfigurationPlatforms) = postSolution
		{BCB8F95A-91C4-4880-B360-1157631327C3}.Debug|Any CPU.ActiveCfg = Debug|Any CPU
		{BCB8F95A-91C4-4880-B360-1157631327C3}.Debug|Any CPU.Build.0 = Debug|Any CPU
		{BCB8F95A-91C4-4880-B360-1157631327C3}.Release|Any CPU.ActiveCfg = Release|Any CPU
		{BCB8F95A-91C4-4880-B360-1157631327C3}.Release|Any CPU.Build.0 = Release|Any CPU
	EndGlobalSection
	GlobalSection(SolutionProperties) = preSolution
		HideSolutionNode = FALSE
	EndGlobalSection
	GlobalSection(ExtensibilityGlobals) = postSolution
		SolutionGuid = {EF47C31A-ECAE-47AF-B1D8-4BEE2409D570}
	EndGlobalSection
EndGlobal
